
Microsoft Visual Studio Solution File, Format Version 12.00
# Visual Studio Version 17
VisualStudioVersion = 17.14.36202.13 d17.14
MinimumVisualStudioVersion = 10.0.40219.1
Project("{9A19103F-16F7-4668-BE54-9A1E7A4F7556}") = "DocLanguageTranslator", "DocLanguageTranslator\DocLanguageTranslator.csproj", "{6557E453-2275-4231-AB6E-85BCA59D6E4D}"
EndProject
Project("{FAE04EC0-301F-11D3-BF4B-00C04F79EFBC}") = "DocLanguageTranslator.Test", "DocLanguageTranslator.Test\DocLanguageTranslator.Test.csproj", "{1D15BAAF-0ACD-463B-B18D-4C429A9D2139}"
EndProject
Global
	GlobalSection(SolutionConfigurationPlatforms) = preSolution
		Debug|Any CPU = Debug|Any CPU
		Release|Any CPU = Release|Any CPU
	EndGlobalSection
	GlobalSection(ProjectConfigurationPlatforms) = postSolution
		{6557E453-2275-4231-AB6E-85BCA59D6E4D}.Debug|Any CPU.ActiveCfg = Debug|Any CPU
		{6557E453-2275-4231-AB6E-85BCA59D6E4D}.Debug|Any CPU.Build.0 = Debug|Any CPU
		{6557E453-2275-4231-AB6E-85BCA59D6E4D}.Release|Any CPU.ActiveCfg = Release|Any CPU
		{6557E453-2275-4231-AB6E-85BCA59D6E4D}.Release|Any CPU.Build.0 = Release|Any CPU
		{1D15BAAF-0ACD-463B-B18D-4C429A9D2139}.Debug|Any CPU.ActiveCfg = Debug|Any CPU
		{1D15BAAF-0ACD-463B-B18D-4C429A9D2139}.Debug|Any CPU.Build.0 = Debug|Any CPU
		{1D15BAAF-0ACD-463B-B18D-4C429A9D2139}.Release|Any CPU.ActiveCfg = Release|Any CPU
		{1D15BAAF-0ACD-463B-B18D-4C429A9D2139}.Release|Any CPU.Build.0 = Release|Any CPU
	EndGlobalSection
	GlobalSection(SolutionProperties) = preSolution
		HideSolutionNode = FALSE
	EndGlobalSection
	GlobalSection(ExtensibilityGlobals) = postSolution
		SolutionGuid = {6AACDCB9-F8E3-4C4A-AA61-1105DDCF1952}
	EndGlobalSection
EndGlobal
