
Microsoft Visual Studio Solution File, Format Version 12.00
# Visual Studio Version 17
VisualStudioVersion = 17.11.35431.28
MinimumVisualStudioVersion = 10.0.40219.1
Project("{9A19103F-16F7-4668-BE54-9A1E7A4F7556}") = "DocAssembler", "DocAssembler\DocAssembler.csproj", "{20348289-FB98-4EE3-987D-576E3C568EB3}"
EndProject
Project("{FAE04EC0-301F-11D3-BF4B-00C04F79EFBC}") = "DocAssembler.Test", "DocAssembler.Test\DocAssembler.Test.csproj", "{BA44E0E9-6D85-4185-99BA-8697A02663A1}"
EndProject
Global
	GlobalSection(SolutionConfigurationPlatforms) = preSolution
		Debug|Any CPU = Debug|Any CPU
		Release|Any CPU = Release|Any CPU
	EndGlobalSection
	GlobalSection(ProjectConfigurationPlatforms) = postSolution
		{20348289-FB98-4EE3-987D-576E3C568EB3}.Debug|Any CPU.ActiveCfg = Debug|Any CPU
		{20348289-FB98-4EE3-987D-576E3C568EB3}.Debug|Any CPU.Build.0 = Debug|Any CPU
		{20348289-FB98-4EE3-987D-576E3C568EB3}.Release|Any CPU.ActiveCfg = Release|Any CPU
		{20348289-FB98-4EE3-987D-576E3C568EB3}.Release|Any CPU.Build.0 = Release|Any CPU
		{BA44E0E9-6D85-4185-99BA-8697A02663A1}.Debug|Any CPU.ActiveCfg = Debug|Any CPU
		{BA44E0E9-6D85-4185-99BA-8697A02663A1}.Debug|Any CPU.Build.0 = Debug|Any CPU
		{BA44E0E9-6D85-4185-99BA-8697A02663A1}.Release|Any CPU.ActiveCfg = Release|Any CPU
		{BA44E0E9-6D85-4185-99BA-8697A02663A1}.Release|Any CPU.Build.0 = Release|Any CPU
	EndGlobalSection
	GlobalSection(SolutionProperties) = preSolution
		HideSolutionNode = FALSE
	EndGlobalSection
	GlobalSection(ExtensibilityGlobals) = postSolution
		SolutionGuid = {97487205-BC8C-4B1C-B40E-EDC19E4F01B9}
	EndGlobalSection
EndGlobal
